
Microsoft Visual Studio Solution File, Format Version 12.00
# Visual Studio Version 17
VisualStudioVersion = 17.9.34728.123
MinimumVisualStudioVersion = 10.0.40219.1
Project("{FAE04EC0-301F-11D3-BF4B-00C04F79EFBC}") = "DriveClean", "DriveClean.csproj", "{173C8B35-7C76-4F6F-AEEB-D13C9D30C19A}"
EndProject
Global
	GlobalSection(SolutionConfigurationPlatforms) = preSolution
		Debug|Any CPU = Debug|Any CPU
		Release|Any CPU = Release|Any CPU
	EndGlobalSection
	GlobalSection(ProjectConfigurationPlatforms) = postSolution
		{173C8B35-7C76-4F6F-AEEB-D13C9D30C19A}.Debug|Any CPU.ActiveCfg = Debug|Any CPU
		{173C8B35-7C76-4F6F-AEEB-D13C9D30C19A}.Debug|Any CPU.Build.0 = Debug|Any CPU
		{173C8B35-7C76-4F6F-AEEB-D13C9D30C19A}.Release|Any CPU.ActiveCfg = Release|Any CPU
		{173C8B35-7C76-4F6F-AEEB-D13C9D30C19A}.Release|Any CPU.Build.0 = Release|Any CPU
	EndGlobalSection
	GlobalSection(SolutionProperties) = preSolution
		HideSolutionNode = FALSE
	EndGlobalSection
	GlobalSection(ExtensibilityGlobals) = postSolution
		SolutionGuid = {E13918D0-4CF5-49CA-8ED4-7EE998845ABF}
	EndGlobalSection
EndGlobal
